
Microsoft Visual Studio Solution File, Format Version 12.00
# Visual Studio Version 17
VisualStudioVersion = 17.1.32328.378
MinimumVisualStudioVersion = 10.0.40219.1
Project("{9A19103F-16F7-4668-BE54-9A1E7A4F7556}") = "BookStore.API", "BookStore.API\BookStore.API.csproj", "{824F0919-64D9-43FD-BC25-AC760C9E5613}"
EndProject
Project("{FAE04EC0-301F-11D3-BF4B-00C04F79EFBC}") = "BookStoreApp.Blazor.Server.UI", "BookStoreApp.Blazor.Server.UI\BookStoreApp.Blazor.Server.UI.csproj", "{B8B9E39C-10DA-4552-A0D8-51481BA6017E}"
EndProject
Global
	GlobalSection(SolutionConfigurationPlatforms) = preSolution
		Debug|Any CPU = Debug|Any CPU
		Release|Any CPU = Release|Any CPU
	EndGlobalSection
	GlobalSection(ProjectConfigurationPlatforms) = postSolution
		{824F0919-64D9-43FD-BC25-AC760C9E5613}.Debug|Any CPU.ActiveCfg = Debug|Any CPU
		{824F0919-64D9-43FD-BC25-AC760C9E5613}.Debug|Any CPU.Build.0 = Debug|Any CPU
		{824F0919-64D9-43FD-BC25-AC760C9E5613}.Release|Any CPU.ActiveCfg = Release|Any CPU
		{824F0919-64D9-43FD-BC25-AC760C9E5613}.Release|Any CPU.Build.0 = Release|Any CPU
		{B8B9E39C-10DA-4552-A0D8-51481BA6017E}.Debug|Any CPU.ActiveCfg = Debug|Any CPU
		{B8B9E39C-10DA-4552-A0D8-51481BA6017E}.Debug|Any CPU.Build.0 = Debug|Any CPU
		{B8B9E39C-10DA-4552-A0D8-51481BA6017E}.Release|Any CPU.ActiveCfg = Release|Any CPU
		{B8B9E39C-10DA-4552-A0D8-51481BA6017E}.Release|Any CPU.Build.0 = Release|Any CPU
	EndGlobalSection
	GlobalSection(SolutionProperties) = preSolution
		HideSolutionNode = FALSE
	EndGlobalSection
	GlobalSection(ExtensibilityGlobals) = postSolution
		SolutionGuid = {20DA7C28-C1A5-4887-B853-D15A1D70FF72}
	EndGlobalSection
EndGlobal
